
Microsoft Visual Studio Solution File, Format Version 12.00
# Visual Studio Version 16
VisualStudioVersion = 16.0.31205.134
MinimumVisualStudioVersion = 10.0.40219.1
Project("{9A19103F-16F7-4668-BE54-9A1E7A4F7556}") = "AspNetCoreDatabaseIntegration", "AspNetCoreDatabaseIntegration\AspNetCoreDatabaseIntegration.csproj", "{6C051985-E5AD-4039-9488-9C7A022029EE}"
EndProject
Project("{2150E333-8FDC-42A3-9474-1A3956D46DE8}") = "Solution Items", "Solution Items", "{0FEB0EF3-CEC7-42E4-8340-3AA32857A8A1}"
	ProjectSection(SolutionItems) = preProject
		.editorconfig = .editorconfig
	EndProjectSection
EndProject
Project("{9A19103F-16F7-4668-BE54-9A1E7A4F7556}") = "Sentry.AspNetCore", "D:\Programacao\Online Projects\Sentry\sentry-dotnet\src\Sentry.AspNetCore\Sentry.AspNetCore.csproj", "{9AA9BBE1-8D39-47A1-A818-BF4F0FD0239F}"
EndProject
Global
	GlobalSection(SolutionConfigurationPlatforms) = preSolution
		Debug|Any CPU = Debug|Any CPU
		Release|Any CPU = Release|Any CPU
	EndGlobalSection
	GlobalSection(ProjectConfigurationPlatforms) = postSolution
		{6C051985-E5AD-4039-9488-9C7A022029EE}.Debug|Any CPU.ActiveCfg = Debug|Any CPU
		{6C051985-E5AD-4039-9488-9C7A022029EE}.Debug|Any CPU.Build.0 = Debug|Any CPU
		{6C051985-E5AD-4039-9488-9C7A022029EE}.Release|Any CPU.ActiveCfg = Release|Any CPU
		{6C051985-E5AD-4039-9488-9C7A022029EE}.Release|Any CPU.Build.0 = Release|Any CPU
		{9AA9BBE1-8D39-47A1-A818-BF4F0FD0239F}.Debug|Any CPU.ActiveCfg = Debug|Any CPU
		{9AA9BBE1-8D39-47A1-A818-BF4F0FD0239F}.Debug|Any CPU.Build.0 = Debug|Any CPU
		{9AA9BBE1-8D39-47A1-A818-BF4F0FD0239F}.Release|Any CPU.ActiveCfg = Release|Any CPU
		{9AA9BBE1-8D39-47A1-A818-BF4F0FD0239F}.Release|Any CPU.Build.0 = Release|Any CPU
	EndGlobalSection
	GlobalSection(SolutionProperties) = preSolution
		HideSolutionNode = FALSE
	EndGlobalSection
	GlobalSection(ExtensibilityGlobals) = postSolution
		SolutionGuid = {07E5FCB5-42D2-4FA4-A297-58FAD53F9813}
	EndGlobalSection
EndGlobal
